{
  "name": "skills-sh-mcp",
  "version": "0.1.2",
  "lockfileVersion": 3,
  "requires": true,
  "packages": {
    "": {
      "name": "skills-sh-mcp",
      "version": "0.1.2",
      "license": "MIT",
      "bin": {
        "skills-sh-mcp": "src/cli.js"
      },
      "engines": {
        "node": ">=18"
      }
    }
  }
}
